{
  "name": "marathi-inscript",
  "version": "1.0.0",
  "lockfileVersion": 2,
  "requires": true,
  "packages": {
    "": {
      "name": "marathi-inscript",
      "version": "1.0.0",
      "dependencies": {
        "@tauri-apps/api": "2.0.0"
      },
      "devDependencies": {
        "@tauri-apps/cli": "2.0.0"
      }
    },
    "node_modules/@tauri-apps/api": {
      "version": "2.0.0",
      "resolved": "https://registry.npmjs.org/@tauri-apps/api/-/api-2.0.0.tgz",
      "integrity": "sha512-moKgCp2EX7X5GiOx/G/bmoEpkFQVVmyS98UaJU4xUVzan+E1BdwlAKcbip+cGldshYOqL4JSwAEN1OkRXeug0Q==",
      "funding": {
        "type": "opencollective",
        "url": "https://opencollective.com/tauri"
      }
    },
    "node_modules/@tauri-apps/cli": {
      "version": "2.0.0",
      "resolved": "https://registry.npmjs.org/@tauri-apps/cli/-/cli-2.0.0.tgz",
      "integrity": "sha512-xxmPllRa6w/LRRcPczST3yHrYoi8l6ZZmzwabEmM0cgDdhVDmX+Y4oDJkiKD+8cVdxwwEzIuIKuaCwsX8iNsgA==",
      "dev": true,
      "bin": {
        "tauri": "tauri.js"
      },
      "engines": {
        "node": ">= 10"
      },
      "funding": {
        "type": "opencollective",
        "url": "https://opencollective.com/tauri"
      },
      "optionalDependencies": {
        "@tauri-apps/cli-darwin-arm64": "2.0.0",
        "@tauri-apps/cli-darwin-x64": "2.0.0",
        "@tauri-apps/cli-linux-arm-gnueabihf": "2.0.0",
        "@tauri-apps/cli-linux-arm64-gnu": "2.0.0",
        "@tauri-apps/cli-linux-arm64-musl": "2.0.0",
        "@tauri-apps/cli-linux-x64-gnu": "2.0.0",
        "@tauri-apps/cli-linux-x64-musl": "2.0.0",
        "@tauri-apps/cli-win32-arm64-msvc": "2.0.0",
        "@tauri-apps/cli-win32-ia32-msvc": "2.0.0",
        "@tauri-apps/cli-win32-x64-msvc": "2.0.0"
      }
    },
    "node_modules/@tauri-apps/cli-darwin-arm64": {
      "version": "2.0.0",
      "resolved": "https://registry.npmjs.org/@tauri-apps/cli-darwin-arm64/-/cli-darwin-arm64-2.0.0.tgz",
      "integrity": "sha512-+agYqg2c77imaMfKw7mzqecVIDGcwr6bZMdglJ808O2UjTFzMwnAam1sU26YBYU+IyIjwOu00fm9Azpal+N/Ew==",
      "cpu": [
        "arm64"
      ],
      "dev": true,
      "optional": true,
      "os": [
        "darwin"
      ],
      "engines": {
        "node": ">= 10"
      }
    },
    "node_modules/@tauri-apps/cli-darwin-x64": {
      "version": "2.0.0",
      "resolved": "https://registry.npmjs.org/@tauri-apps/cli-darwin-x64/-/cli-darwin-x64-2.0.0.tgz",
      "integrity": "sha512-keN2PLTTcZmbWwFMup/NGcshmvyLnhRPChO8lbm9C5a0IY7zUNQUD7/o/zIulQdLJqDxkdpWJ1j2jTycAtvtKQ==",
      "cpu": [
        "x64"
      ],
      "dev": true,
      "optional": true,
      "os": [
        "darwin"
      ],
      "engines": {
        "node": ">= 10"
      }
    },
    "node_modules/@tauri-apps/cli-linux-arm-gnueabihf": {
      "version": "2.0.0",
      "resolved": "https://registry.npmjs.org/@tauri-apps/cli-linux-arm-gnueabihf/-/cli-linux-arm-gnueabihf-2.0.0.tgz",
      "integrity": "sha512-FQJNrlCUBb9E7Fhp5ARy+Or8lSvorG41aVrfi0cGNvv1QlIGSj77TN7SKK+L1jAGzKj1Bl2kCZIESF6Zi8N/+Q==",
      "cpu": [
        "arm"
      ],
      "dev": true,
      "optional": true,
      "os": [
        "linux"
      ],
      "engines": {
        "node": ">= 10"
      }
    },
    "node_modules/@tauri-apps/cli-linux-arm64-gnu": {
      "version": "2.0.0",
      "resolved": "https://registry.npmjs.org/@tauri-apps/cli-linux-arm64-gnu/-/cli-linux-arm64-gnu-2.0.0.tgz",
      "integrity": "sha512-TK3VrZG5LK1NGueKwnZA1/3gj/qkwry001MNCHXjT6394dwrDv+digCc9Qc569h+xeH/FF71jyoiRIu3gRE6iA==",
      "cpu": [
        "arm64"
      ],
      "dev": true,
      "optional": true,
      "os": [
        "linux"
      ],
      "engines": {
        "node": ">= 10"
      }
    },
    "node_modules/@tauri-apps/cli-linux-arm64-musl": {
      "version": "2.0.0",
      "resolved": "https://registry.npmjs.org/@tauri-apps/cli-linux-arm64-musl/-/cli-linux-arm64-musl-2.0.0.tgz",
      "integrity": "sha512-E3hRmS/0m8YUYMTKZtBExpk/284CTi2nymks0dK0L1j+3KjffL7DiilnIfNFmTvWBgMrs0cVCtoaN/ba/A9mNA==",
      "cpu": [
        "arm64"
      ],
      "dev": true,
      "optional": true,
      "os": [
        "linux"
      ],
      "engines": {
        "node": ">= 10"
      }
    },
    "node_modules/@tauri-apps/cli-linux-x64-gnu": {
      "version": "2.0.0",
      "resolved": "https://registry.npmjs.org/@tauri-apps/cli-linux-x64-gnu/-/cli-linux-x64-gnu-2.0.0.tgz",
      "integrity": "sha512-veX4BJp5xnW8KmxVjchWt4oZEIvKGhuSR7qU1WpqTR21e/eTe/ksGsdXPsqOKQvv/w1X6jhqmlPvhnFmDwUJ/w==",
      "cpu": [
        "x64"
      ],
      "dev": true,
      "optional": true,
      "os": [
        "linux"
      ],
      "engines": {
        "node": ">= 10"
      }
    },
    "node_modules/@tauri-apps/cli-linux-x64-musl": {
      "version": "2.0.0",
      "resolved": "https://registry.npmjs.org/@tauri-apps/cli-linux-x64-musl/-/cli-linux-x64-musl-2.0.0.tgz",
      "integrity": "sha512-9Eso/8wbsWbOyd9PZEIzN/48ZQJrUGQqGZtglcjUku0lO76mnX0fOnit4nQ57Oj0wezJPhv4mgSseG1OsTIVzw==",
      "cpu": [
        "x64"
      ],
      "dev": true,
      "optional": true,
      "os": [
        "linux"
      ],
      "engines": {
        "node": ">= 10"
      }
    },
    "node_modules/@tauri-apps/cli-win32-arm64-msvc": {
      "version": "2.0.0",
      "resolved": "https://registry.npmjs.org/@tauri-apps/cli-win32-arm64-msvc/-/cli-win32-arm64-msvc-2.0.0.tgz",
      "integrity": "sha512-ky8vWAuDUf8WGt9+a0G/EbU0OhdIkogelh9qjIYGHbyEYAJqXfN5P40aHUEg3y8ngQ0YGwRX5ePsQsSZiiR5PQ==",
      "cpu": [
        "arm64"
      ],
      "dev": true,
      "optional": true,
      "os": [
        "win32"
      ],
      "engines": {
        "node": ">= 10"
      }
    },
    "node_modules/@tauri-apps/cli-win32-ia32-msvc": {
      "version": "2.0.0",
      "resolved": "https://registry.npmjs.org/@tauri-apps/cli-win32-ia32-msvc/-/cli-win32-ia32-msvc-2.0.0.tgz",
      "integrity": "sha512-uD45cLZ/EBaT8o4a27tHW7t5UKFplnvDLt/uSUaCpJ3NyOTV6nMXOUrJBe+hH9hSBohqNAF7LEyYo1p932DWFg==",
      "cpu": [
        "ia32"
      ],
      "dev": true,
      "optional": true,
      "os": [
        "win32"
      ],
      "engines": {
        "node": ">= 10"
      }
    },
    "node_modules/@tauri-apps/cli-win32-x64-msvc": {
      "version": "2.0.0",
      "resolved": "https://registry.npmjs.org/@tauri-apps/cli-win32-x64-msvc/-/cli-win32-x64-msvc-2.0.0.tgz",
      "integrity": "sha512-oFlo14YMsvyhJHmmHgRuOpJ1L9w15193c1Nfj1DksS2LHj6tLzirI7YrAF9inY/XjHFjNHzYPmBpABibkf/9wQ==",
      "cpu": [
        "x64"
      ],
      "dev": true,
      "optional": true,
      "os": [
        "win32"
      ],
      "engines": {
        "node": ">= 10"
      }
    }
  },
  "dependencies": {
    "@tauri-apps/api": {
      "version": "2.0.0",
      "resolved": "https://registry.npmjs.org/@tauri-apps/api/-/api-2.0.0.tgz",
      "integrity": "sha512-moKgCp2EX7X5GiOx/G/bmoEpkFQVVmyS98UaJU4xUVzan+E1BdwlAKcbip+cGldshYOqL4JSwAEN1OkRXeug0Q=="
    },
    "@tauri-apps/cli": {
      "version": "2.0.0",
      "resolved": "https://registry.npmjs.org/@tauri-apps/cli/-/cli-2.0.0.tgz",
      "integrity": "sha512-xxmPllRa6w/LRRcPczST3yHrYoi8l6ZZmzwabEmM0cgDdhVDmX+Y4oDJkiKD+8cVdxwwEzIuIKuaCwsX8iNsgA==",
      "dev": true,
      "requires": {
        "@tauri-apps/cli-darwin-arm64": "2.0.0",
        "@tauri-apps/cli-darwin-x64": "2.0.0",
        "@tauri-apps/cli-linux-arm-gnueabihf": "2.0.0",
        "@tauri-apps/cli-linux-arm64-gnu": "2.0.0",
        "@tauri-apps/cli-linux-arm64-musl": "2.0.0",
        "@tauri-apps/cli-linux-x64-gnu": "2.0.0",
        "@tauri-apps/cli-linux-x64-musl": "2.0.0",
        "@tauri-apps/cli-win32-arm64-msvc": "2.0.0",
        "@tauri-apps/cli-win32-ia32-msvc": "2.0.0",
        "@tauri-apps/cli-win32-x64-msvc": "2.0.0"
      }
    },
    "@tauri-apps/cli-darwin-arm64": {
      "version": "2.0.0",
      "resolved": "https://registry.npmjs.org/@tauri-apps/cli-darwin-arm64/-/cli-darwin-arm64-2.0.0.tgz",
      "integrity": "sha512-+agYqg2c77imaMfKw7mzqecVIDGcwr6bZMdglJ808O2UjTFzMwnAam1sU26YBYU+IyIjwOu00fm9Azpal+N/Ew==",
      "dev": true,
      "optional": true
    },
    "@tauri-apps/cli-darwin-x64": {
      "version": "2.0.0",
      "resolved": "https://registry.npmjs.org/@tauri-apps/cli-darwin-x64/-/cli-darwin-x64-2.0.0.tgz",
      "integrity": "sha512-keN2PLTTcZmbWwFMup/NGcshmvyLnhRPChO8lbm9C5a0IY7zUNQUD7/o/zIulQdLJqDxkdpWJ1j2jTycAtvtKQ==",
      "dev": true,
      "optional": true
    },
    "@tauri-apps/cli-linux-arm-gnueabihf": {
      "version": "2.0.0",
      "resolved": "https://registry.npmjs.org/@tauri-apps/cli-linux-arm-gnueabihf/-/cli-linux-arm-gnueabihf-2.0.0.tgz",
      "integrity": "sha512-FQJNrlCUBb9E7Fhp5ARy+Or8lSvorG41aVrfi0cGNvv1QlIGSj77TN7SKK+L1jAGzKj1Bl2kCZIESF6Zi8N/+Q==",
      "dev": true,
      "optional": true
    },
    "@tauri-apps/cli-linux-arm64-gnu": {
      "version": "2.0.0",
      "resolved": "https://registry.npmjs.org/@tauri-apps/cli-linux-arm64-gnu/-/cli-linux-arm64-gnu-2.0.0.tgz",
      "integrity": "sha512-TK3VrZG5LK1NGueKwnZA1/3gj/qkwry001MNCHXjT6394dwrDv+digCc9Qc569h+xeH/FF71jyoiRIu3gRE6iA==",
      "dev": true,
      "optional": true
    },
    "@tauri-apps/cli-linux-arm64-musl": {
      "version": "2.0.0",
      "resolved": "https://registry.npmjs.org/@tauri-apps/cli-linux-arm64-musl/-/cli-linux-arm64-musl-2.0.0.tgz",
      "integrity": "sha512-E3hRmS/0m8YUYMTKZtBExpk/284CTi2nymks0dK0L1j+3KjffL7DiilnIfNFmTvWBgMrs0cVCtoaN/ba/A9mNA==",
      "dev": true,
      "optional": true
    },
    "@tauri-apps/cli-linux-x64-gnu": {
      "version": "2.0.0",
      "resolved": "https://registry.npmjs.org/@tauri-apps/cli-linux-x64-gnu/-/cli-linux-x64-gnu-2.0.0.tgz",
      "integrity": "sha512-veX4BJp5xnW8KmxVjchWt4oZEIvKGhuSR7qU1WpqTR21e/eTe/ksGsdXPsqOKQvv/w1X6jhqmlPvhnFmDwUJ/w==",
      "dev": true,
      "optional": true
    },
    "@tauri-apps/cli-linux-x64-musl": {
      "version": "2.0.0",
      "resolved": "https://registry.npmjs.org/@tauri-apps/cli-linux-x64-musl/-/cli-linux-x64-musl-2.0.0.tgz",
      "integrity": "sha512-9Eso/8wbsWbOyd9PZEIzN/48ZQJrUGQqGZtglcjUku0lO76mnX0fOnit4nQ57Oj0wezJPhv4mgSseG1OsTIVzw==",
      "dev": true,
      "optional": true
    },
    "@tauri-apps/cli-win32-arm64-msvc": {
      "version": "2.0.0",
      "resolved": "https://registry.npmjs.org/@tauri-apps/cli-win32-arm64-msvc/-/cli-win32-arm64-msvc-2.0.0.tgz",
      "integrity": "sha512-ky8vWAuDUf8WGt9+a0G/EbU0OhdIkogelh9qjIYGHbyEYAJqXfN5P40aHUEg3y8ngQ0YGwRX5ePsQsSZiiR5PQ==",
      "dev": true,
      "optional": true
    },
    "@tauri-apps/cli-win32-ia32-msvc": {
      "version": "2.0.0",
      "resolved": "https://registry.npmjs.org/@tauri-apps/cli-win32-ia32-msvc/-/cli-win32-ia32-msvc-2.0.0.tgz",
      "integrity": "sha512-uD45cLZ/EBaT8o4a27tHW7t5UKFplnvDLt/uSUaCpJ3NyOTV6nMXOUrJBe+hH9hSBohqNAF7LEyYo1p932DWFg==",
      "dev": true,
      "optional": true
    },
    "@tauri-apps/cli-win32-x64-msvc": {
      "version": "2.0.0",
      "resolved": "https://registry.npmjs.org/@tauri-apps/cli-win32-x64-msvc/-/cli-win32-x64-msvc-2.0.0.tgz",
      "integrity": "sha512-oFlo14YMsvyhJHmmHgRuOpJ1L9w15193c1Nfj1DksS2LHj6tLzirI7YrAF9inY/XjHFjNHzYPmBpABibkf/9wQ==",
      "dev": true,
      "optional": true
    }
  }
}
